
Microsoft Visual Studio Solution File, Format Version 12.00
# Visual Studio Version 17
VisualStudioVersion = 17.0.31912.275
MinimumVisualStudioVersion = 10.0.40219.1
Project("{FAE04EC0-301F-11D3-BF4B-00C04F79EFBC}") = "lab_8_1_c", "lab_8_1_c\lab_8_1_c.csproj", "{ADFCA45B-5580-48A0-98A9-ADBF97FDF5E0}"
EndProject
Global
	GlobalSection(SolutionConfigurationPlatforms) = preSolution
		Debug|Any CPU = Debug|Any CPU
		Release|Any CPU = Release|Any CPU
	EndGlobalSection
	GlobalSection(ProjectConfigurationPlatforms) = postSolution
		{ADFCA45B-5580-48A0-98A9-ADBF97FDF5E0}.Debug|Any CPU.ActiveCfg = Debug|Any CPU
		{ADFCA45B-5580-48A0-98A9-ADBF97FDF5E0}.Debug|Any CPU.Build.0 = Debug|Any CPU
		{ADFCA45B-5580-48A0-98A9-ADBF97FDF5E0}.Release|Any CPU.ActiveCfg = Release|Any CPU
		{ADFCA45B-5580-48A0-98A9-ADBF97FDF5E0}.Release|Any CPU.Build.0 = Release|Any CPU
	EndGlobalSection
	GlobalSection(SolutionProperties) = preSolution
		HideSolutionNode = FALSE
	EndGlobalSection
	GlobalSection(ExtensibilityGlobals) = postSolution
		SolutionGuid = {A0AC682A-2AAF-47B8-9898-9F2AB1B05243}
	EndGlobalSection
EndGlobal
