
Microsoft Visual Studio Solution File, Format Version 12.00
# Visual Studio Version 17
VisualStudioVersion = 17.0.31912.275
MinimumVisualStudioVersion = 10.0.40219.1
Project("{9A19103F-16F7-4668-BE54-9A1E7A4F7556}") = "ConsoleApp11-с-1", "ConsoleApp11-с-1\ConsoleApp11-с-1.csproj", "{BE279698-01E1-4A8B-976E-CC4343BBAADC}"
EndProject
Project("{9A19103F-16F7-4668-BE54-9A1E7A4F7556}") = "ConsoleApp12-c-1", "..\ConsoleApp12-c\ConsoleApp12-c-1\ConsoleApp12-c-1.csproj", "{E5230751-B4E5-4051-A048-E5D06B3D349B}"
EndProject
Global
	GlobalSection(SolutionConfigurationPlatforms) = preSolution
		Debug|Any CPU = Debug|Any CPU
		Release|Any CPU = Release|Any CPU
	EndGlobalSection
	GlobalSection(ProjectConfigurationPlatforms) = postSolution
		{BE279698-01E1-4A8B-976E-CC4343BBAADC}.Debug|Any CPU.ActiveCfg = Debug|Any CPU
		{BE279698-01E1-4A8B-976E-CC4343BBAADC}.Debug|Any CPU.Build.0 = Debug|Any CPU
		{BE279698-01E1-4A8B-976E-CC4343BBAADC}.Release|Any CPU.ActiveCfg = Release|Any CPU
		{BE279698-01E1-4A8B-976E-CC4343BBAADC}.Release|Any CPU.Build.0 = Release|Any CPU
		{E5230751-B4E5-4051-A048-E5D06B3D349B}.Debug|Any CPU.ActiveCfg = Debug|Any CPU
		{E5230751-B4E5-4051-A048-E5D06B3D349B}.Debug|Any CPU.Build.0 = Debug|Any CPU
		{E5230751-B4E5-4051-A048-E5D06B3D349B}.Release|Any CPU.ActiveCfg = Release|Any CPU
		{E5230751-B4E5-4051-A048-E5D06B3D349B}.Release|Any CPU.Build.0 = Release|Any CPU
	EndGlobalSection
	GlobalSection(SolutionProperties) = preSolution
		HideSolutionNode = FALSE
	EndGlobalSection
	GlobalSection(ExtensibilityGlobals) = postSolution
		SolutionGuid = {94E6E10F-5CA2-4894-A13A-2F5543927F89}
	EndGlobalSection
EndGlobal
