
Microsoft Visual Studio Solution File, Format Version 12.00
# Visual Studio Version 17
VisualStudioVersion = 17.0.31912.275
MinimumVisualStudioVersion = 10.0.40219.1
Project("{FAE04EC0-301F-11D3-BF4B-00C04F79EFBC}") = "lab_7_1_c", "lab_7_1_c\lab_7_1_c.csproj", "{A3D7228E-0FAB-4DD1-A7E4-FD3D32B1B05E}"
EndProject
Global
	GlobalSection(SolutionConfigurationPlatforms) = preSolution
		Debug|Any CPU = Debug|Any CPU
		Release|Any CPU = Release|Any CPU
	EndGlobalSection
	GlobalSection(ProjectConfigurationPlatforms) = postSolution
		{A3D7228E-0FAB-4DD1-A7E4-FD3D32B1B05E}.Debug|Any CPU.ActiveCfg = Debug|Any CPU
		{A3D7228E-0FAB-4DD1-A7E4-FD3D32B1B05E}.Debug|Any CPU.Build.0 = Debug|Any CPU
		{A3D7228E-0FAB-4DD1-A7E4-FD3D32B1B05E}.Release|Any CPU.ActiveCfg = Release|Any CPU
		{A3D7228E-0FAB-4DD1-A7E4-FD3D32B1B05E}.Release|Any CPU.Build.0 = Release|Any CPU
	EndGlobalSection
	GlobalSection(SolutionProperties) = preSolution
		HideSolutionNode = FALSE
	EndGlobalSection
	GlobalSection(ExtensibilityGlobals) = postSolution
		SolutionGuid = {7D000FD1-8A23-47A0-A03E-0D3316501617}
	EndGlobalSection
EndGlobal
