
Microsoft Visual Studio Solution File, Format Version 12.00
# Visual Studio Version 17
VisualStudioVersion = 17.0.31912.275
MinimumVisualStudioVersion = 10.0.40219.1
Project("{FAE04EC0-301F-11D3-BF4B-00C04F79EFBC}") = "lab_6_4_c", "lab_6_4_c\lab_6_4_c.csproj", "{CBDB2341-202E-4892-86F8-132CEA5747EB}"
EndProject
Global
	GlobalSection(SolutionConfigurationPlatforms) = preSolution
		Debug|Any CPU = Debug|Any CPU
		Release|Any CPU = Release|Any CPU
	EndGlobalSection
	GlobalSection(ProjectConfigurationPlatforms) = postSolution
		{CBDB2341-202E-4892-86F8-132CEA5747EB}.Debug|Any CPU.ActiveCfg = Debug|Any CPU
		{CBDB2341-202E-4892-86F8-132CEA5747EB}.Debug|Any CPU.Build.0 = Debug|Any CPU
		{CBDB2341-202E-4892-86F8-132CEA5747EB}.Release|Any CPU.ActiveCfg = Release|Any CPU
		{CBDB2341-202E-4892-86F8-132CEA5747EB}.Release|Any CPU.Build.0 = Release|Any CPU
	EndGlobalSection
	GlobalSection(SolutionProperties) = preSolution
		HideSolutionNode = FALSE
	EndGlobalSection
	GlobalSection(ExtensibilityGlobals) = postSolution
		SolutionGuid = {43839DEA-DC38-4637-96B8-6F2D86077C65}
	EndGlobalSection
EndGlobal
