
Microsoft Visual Studio Solution File, Format Version 12.00
# Visual Studio Version 17
VisualStudioVersion = 17.0.31912.275
MinimumVisualStudioVersion = 10.0.40219.1
Project("{FAE04EC0-301F-11D3-BF4B-00C04F79EFBC}") = "lab_4_2_c", "lab_4_2_c\lab_4_2_c.csproj", "{64EC80D1-BE3C-474F-A813-477F9EB094D3}"
EndProject
Global
	GlobalSection(SolutionConfigurationPlatforms) = preSolution
		Debug|Any CPU = Debug|Any CPU
		Release|Any CPU = Release|Any CPU
	EndGlobalSection
	GlobalSection(ProjectConfigurationPlatforms) = postSolution
		{64EC80D1-BE3C-474F-A813-477F9EB094D3}.Debug|Any CPU.ActiveCfg = Debug|Any CPU
		{64EC80D1-BE3C-474F-A813-477F9EB094D3}.Debug|Any CPU.Build.0 = Debug|Any CPU
		{64EC80D1-BE3C-474F-A813-477F9EB094D3}.Release|Any CPU.ActiveCfg = Release|Any CPU
		{64EC80D1-BE3C-474F-A813-477F9EB094D3}.Release|Any CPU.Build.0 = Release|Any CPU
	EndGlobalSection
	GlobalSection(SolutionProperties) = preSolution
		HideSolutionNode = FALSE
	EndGlobalSection
	GlobalSection(ExtensibilityGlobals) = postSolution
		SolutionGuid = {63A92505-2704-4FDD-B73B-D74C0DBB765E}
	EndGlobalSection
EndGlobal
